{
  "originHash" : "37727c99eefdc234e185e2b2e7af369aada5a9c72e3a52de408735c3e4f5d046",
  "pins" : [
    {
      "identity" : "generative-ai-swift",
      "kind" : "remoteSourceControl",
      "location" : "https://github.com/google-gemini/generative-ai-swift",
      "state" : {
        "revision" : "44b8ce120425f9cf53ca756f3434ca2c2696f8bd",
        "version" : "0.5.6"
      }
    },
    {
      "identity" : "rive-ios",
      "kind" : "remoteSourceControl",
      "location" : "https://github.com/rive-app/rive-ios",
      "state" : {
        "revision" : "4f642ff5ceba3a6629ecb4d94fd3616886f583f0",
        "version" : "6.9.4"
      }
    }
  ],
  "version" : 3
}
